
Microsoft Visual Studio Solution File, Format Version 12.00
# Visual Studio Version 16
VisualStudioVersion = 16.0.31321.278
MinimumVisualStudioVersion = 10.0.40219.1
Project("{FAE04EC0-301F-11D3-BF4B-00C04F79EFBC}") = "Fujino.KCLauncher.SAMP Test", "Fujino.KCLauncher.SAMP Test\Fujino.KCLauncher.SAMP Test.csproj", "{D5F731C5-5FB4-4C01-A7DB-948872356D99}"
EndProject
Global
	GlobalSection(SolutionConfigurationPlatforms) = preSolution
		Debug|Any CPU = Debug|Any CPU
		Release|Any CPU = Release|Any CPU
	EndGlobalSection
	GlobalSection(ProjectConfigurationPlatforms) = postSolution
		{D5F731C5-5FB4-4C01-A7DB-948872356D99}.Debug|Any CPU.ActiveCfg = Debug|Any CPU
		{D5F731C5-5FB4-4C01-A7DB-948872356D99}.Debug|Any CPU.Build.0 = Debug|Any CPU
		{D5F731C5-5FB4-4C01-A7DB-948872356D99}.Release|Any CPU.ActiveCfg = Release|Any CPU
		{D5F731C5-5FB4-4C01-A7DB-948872356D99}.Release|Any CPU.Build.0 = Release|Any CPU
	EndGlobalSection
	GlobalSection(SolutionProperties) = preSolution
		HideSolutionNode = FALSE
	EndGlobalSection
	GlobalSection(ExtensibilityGlobals) = postSolution
		SolutionGuid = {C1547EAC-CC3A-43D5-9F22-FB7836F0623E}
	EndGlobalSection
EndGlobal
